// !$*UTF8*$!
{
	archiveVersion = 1;
	classes = {
	};
	objectVersion = 55;
	objects = {

/* Begin PBXBuildFile section */
		0E0E64E828935D4500773CD9 /* LocationViewController.swift in Sources */ = {isa = PBXBuildFile; fileRef = 0E0E64E728935D4500773CD9 /* LocationViewController.swift */; };
		0E0E64EB2893854500773CD9 /* KyoboHandwriting2020pdy.otf in Resources */ = {isa = PBXBuildFile; fileRef = 0E0E64EA2893854500773CD9 /* KyoboHandwriting2020pdy.otf */; };
		0E30A6652890DD84002A8769 /* AppDelegate.swift in Sources */ = {isa = PBXBuildFile; fileRef = 0E30A6642890DD84002A8769 /* AppDelegate.swift */; };
		0E30A6672890DD84002A8769 /* SceneDelegate.swift in Sources */ = {isa = PBXBuildFile; fileRef = 0E30A6662890DD84002A8769 /* SceneDelegate.swift */; };
		0E30A6692890DD84002A8769 /* ViewController.swift in Sources */ = {isa = PBXBuildFile; fileRef = 0E30A6682890DD84002A8769 /* ViewController.swift */; };
		0E30A66C2890DD84002A8769 /* Main.storyboard in Resources */ = {isa = PBXBuildFile; fileRef = 0E30A66A2890DD84002A8769 /* Main.storyboard */; };
		0E30A66E2890DD86002A8769 /* Assets.xcassets in Resources */ = {isa = PBXBuildFile; fileRef = 0E30A66D2890DD86002A8769 /* Assets.xcassets */; };
		0E30A6712890DD86002A8769 /* LaunchScreen.storyboard in Resources */ = {isa = PBXBuildFile; fileRef = 0E30A66F2890DD86002A8769 /* LaunchScreen.storyboard */; };
		0E30A6792890E1FC002A8769 /* SearchViewController.swift in Sources */ = {isa = PBXBuildFile; fileRef = 0E30A6782890E1FC002A8769 /* SearchViewController.swift */; };
		0E30A67C2890E4CF002A8769 /* ListTableViewCell.swift in Sources */ = {isa = PBXBuildFile; fileRef = 0E30A67A2890E4CF002A8769 /* ListTableViewCell.swift */; };
		0E30A67D2890E4CF002A8769 /* ListTableViewCell.xib in Resources */ = {isa = PBXBuildFile; fileRef = 0E30A67B2890E4CF002A8769 /* ListTableViewCell.xib */; };
		0E30A6A428920CE4002A8769 /* ViewPresentableProtocol.swift in Sources */ = {isa = PBXBuildFile; fileRef = 0E30A6A328920CE4002A8769 /* ViewPresentableProtocol.swift */; };
		0E30A6A628922372002A8769 /* LottoViewController.swift in Sources */ = {isa = PBXBuildFile; fileRef = 0E30A6A528922372002A8769 /* LottoViewController.swift */; };
		0E30A6A828923061002A8769 /* TranslateViewController.swift in Sources */ = {isa = PBXBuildFile; fileRef = 0E30A6A728923061002A8769 /* TranslateViewController.swift */; };
		0E30A6AA28923AA5002A8769 /* WebViewController.swift in Sources */ = {isa = PBXBuildFile; fileRef = 0E30A6A928923AA5002A8769 /* WebViewController.swift */; };
		0E4A958F289A094B00FA3ACC /* ImageSearchViewController.swift in Sources */ = {isa = PBXBuildFile; fileRef = 0E4A958E289A094B00FA3ACC /* ImageSearchViewController.swift */; };
		0EB7C0F5289752C9000EFF71 /* ReusableProtocol.swift in Sources */ = {isa = PBXBuildFile; fileRef = 0EB7C0F4289752C9000EFF71 /* ReusableProtocol.swift */; };
		0EB7C0F8289757B2000EFF71 /* Constant.swift in Sources */ = {isa = PBXBuildFile; fileRef = 0EB7C0F7289757B2000EFF71 /* Constant.swift */; };
		0EB7C0FA28975FC0000EFF71 /* UserDefaultsHelper.swift in Sources */ = {isa = PBXBuildFile; fileRef = 0EB7C0F928975FC0000EFF71 /* UserDefaultsHelper.swift */; };
		0EB7C0FD28977CE2000EFF71 /* Alamofire in Frameworks */ = {isa = PBXBuildFile; productRef = 0EB7C0FC28977CE2000EFF71 /* Alamofire */; };
		0EB7C10028977CFD000EFF71 /* SwiftyJSON in Frameworks */ = {isa = PBXBuildFile; productRef = 0EB7C0FF28977CFD000EFF71 /* SwiftyJSON */; };
		0EB7C1032897AA62000EFF71 /* LottoResponse.swift in Sources */ = {isa = PBXBuildFile; fileRef = 0EB7C1022897AA62000EFF71 /* LottoResponse.swift */; };
		0EB7C13A2898BD45000EFF71 /* BoxOfficeModel.swift in Sources */ = {isa = PBXBuildFile; fileRef = 0EB7C1392898BD45000EFF71 /* BoxOfficeModel.swift */; };
		0EB7C13D28990EA0000EFF71 /* Kingfisher in Frameworks */ = {isa = PBXBuildFile; productRef = 0EB7C13C28990EA0000EFF71 /* Kingfisher */; };
/* End PBXBuildFile section */

/* Begin PBXFileReference section */
		0E0E64E728935D4500773CD9 /* LocationViewController.swift */ = {isa = PBXFileReference; lastKnownFileType = sourcecode.swift; path = LocationViewController.swift; sourceTree = "<group>"; };
		0E0E64EA2893854500773CD9 /* KyoboHandwriting2020pdy.otf */ = {isa = PBXFileReference; lastKnownFileType = file; path = KyoboHandwriting2020pdy.otf; sourceTree = "<group>"; };
		0E30A6612890DD84002A8769 /* SeSAC2LectureNetworkBasic.app */ = {isa = PBXFileReference; explicitFileType = wrapper.application; includeInIndex = 0; path = SeSAC2LectureNetworkBasic.app; sourceTree = BUILT_PRODUCTS_DIR; };
		0E30A6642890DD84002A8769 /* AppDelegate.swift */ = {isa = PBXFileReference; lastKnownFileType = sourcecode.swift; path = AppDelegate.swift; sourceTree = "<group>"; };
		0E30A6662890DD84002A8769 /* SceneDelegate.swift */ = {isa = PBXFileReference; lastKnownFileType = sourcecode.swift; path = SceneDelegate.swift; sourceTree = "<group>"; };
		0E30A6682890DD84002A8769 /* ViewController.swift */ = {isa = PBXFileReference; lastKnownFileType = sourcecode.swift; path = ViewController.swift; sourceTree = "<group>"; };
		0E30A66B2890DD84002A8769 /* Base */ = {isa = PBXFileReference; lastKnownFileType = file.storyboard; name = Base; path = Base.lproj/Main.storyboard; sourceTree = "<group>"; };
		0E30A66D2890DD86002A8769 /* Assets.xcassets */ = {isa = PBXFileReference; lastKnownFileType = folder.assetcatalog; path = Assets.xcassets; sourceTree = "<group>"; };
		0E30A6702890DD86002A8769 /* Base */ = {isa = PBXFileReference; lastKnownFileType = file.storyboard; name = Base; path = Base.lproj/LaunchScreen.storyboard; sourceTree = "<group>"; };
		0E30A6722890DD86002A8769 /* Info.plist */ = {isa = PBXFileReference; lastKnownFileType = text.plist.xml; path = Info.plist; sourceTree = "<group>"; };
		0E30A6782890E1FC002A8769 /* SearchViewController.swift */ = {isa = PBXFileReference; lastKnownFileType = sourcecode.swift; path = SearchViewController.swift; sourceTree = "<group>"; };
		0E30A67A2890E4CF002A8769 /* ListTableViewCell.swift */ = {isa = PBXFileReference; lastKnownFileType = sourcecode.swift; path = ListTableViewCell.swift; sourceTree = "<group>"; };
		0E30A67B2890E4CF002A8769 /* ListTableViewCell.xib */ = {isa = PBXFileReference; lastKnownFileType = file.xib; path = ListTableViewCell.xib; sourceTree = "<group>"; };
		0E30A6A328920CE4002A8769 /* ViewPresentableProtocol.swift */ = {isa = PBXFileReference; lastKnownFileType = sourcecode.swift; path = ViewPresentableProtocol.swift; sourceTree = "<group>"; };
		0E30A6A528922372002A8769 /* LottoViewController.swift */ = {isa = PBXFileReference; lastKnownFileType = sourcecode.swift; path = LottoViewController.swift; sourceTree = "<group>"; };
		0E30A6A728923061002A8769 /* TranslateViewController.swift */ = {isa = PBXFileReference; lastKnownFileType = sourcecode.swift; path = TranslateViewController.swift; sourceTree = "<group>"; };
		0E30A6A928923AA5002A8769 /* WebViewController.swift */ = {isa = PBXFileReference; lastKnownFileType = sourcecode.swift; path = WebViewController.swift; sourceTree = "<group>"; };
		0E4A958E289A094B00FA3ACC /* ImageSearchViewController.swift */ = {isa = PBXFileReference; lastKnownFileType = sourcecode.swift; path = ImageSearchViewController.swift; sourceTree = "<group>"; };
		0EB7C0F4289752C9000EFF71 /* ReusableProtocol.swift */ = {isa = PBXFileReference; lastKnownFileType = sourcecode.swift; path = ReusableProtocol.swift; sourceTree = "<group>"; };
		0EB7C0F7289757B2000EFF71 /* Constant.swift */ = {isa = PBXFileReference; lastKnownFileType = sourcecode.swift; path = Constant.swift; sourceTree = "<group>"; };
		0EB7C0F928975FC0000EFF71 /* UserDefaultsHelper.swift */ = {isa = PBXFileReference; lastKnownFileType = sourcecode.swift; path = UserDefaultsHelper.swift; sourceTree = "<group>"; };
		0EB7C1022897AA62000EFF71 /* LottoResponse.swift */ = {isa = PBXFileReference; lastKnownFileType = sourcecode.swift; path = LottoResponse.swift; sourceTree = "<group>"; };
		0EB7C1392898BD45000EFF71 /* BoxOfficeModel.swift */ = {isa = PBXFileReference; lastKnownFileType = sourcecode.swift; path = BoxOfficeModel.swift; sourceTree = "<group>"; };
/* End PBXFileReference section */

/* Begin PBXFrameworksBuildPhase section */
		0E30A65E2890DD84002A8769 /* Frameworks */ = {
			isa = PBXFrameworksBuildPhase;
			buildActionMask = 2147483647;
			files = (
				0EB7C13D28990EA0000EFF71 /* Kingfisher in Frameworks */,
				0EB7C10028977CFD000EFF71 /* SwiftyJSON in Frameworks */,
				0EB7C0FD28977CE2000EFF71 /* Alamofire in Frameworks */,
			);
			runOnlyForDeploymentPostprocessing = 0;
		};
/* End PBXFrameworksBuildPhase section */

/* Begin PBXGroup section */
		0E0E64E92893840000773CD9 /* Source */ = {
			isa = PBXGroup;
			children = (
				0E0E64EA2893854500773CD9 /* KyoboHandwriting2020pdy.otf */,
			);
			path = Source;
			sourceTree = "<group>";
		};
		0E30A6582890DD84002A8769 = {
			isa = PBXGroup;
			children = (
				0E30A6632890DD84002A8769 /* SeSAC2LectureNetworkBasic */,
				0E30A6622890DD84002A8769 /* Products */,
			);
			sourceTree = "<group>";
		};
		0E30A6622890DD84002A8769 /* Products */ = {
			isa = PBXGroup;
			children = (
				0E30A6612890DD84002A8769 /* SeSAC2LectureNetworkBasic.app */,
			);
			name = Products;
			sourceTree = "<group>";
		};
		0E30A6632890DD84002A8769 /* SeSAC2LectureNetworkBasic */ = {
			isa = PBXGroup;
			children = (
				0E30A6642890DD84002A8769 /* AppDelegate.swift */,
				0E30A6662890DD84002A8769 /* SceneDelegate.swift */,
				0E30A66D2890DD86002A8769 /* Assets.xcassets */,
				0E30A6722890DD86002A8769 /* Info.plist */,
				0EB7C1012897AA42000EFF71 /* Data */,
				0EB7C0F6289757A1000EFF71 /* Constant */,
				0E0E64E92893840000773CD9 /* Source */,
				0E30A6AC28927921002A8769 /* Models */,
				0E30A6AB28927900002A8769 /* Controllers */,
				0E30A6A228920CA0002A8769 /* Protocol */,
			);
			path = SeSAC2LectureNetworkBasic;
			sourceTree = "<group>";
		};
		0E30A6A228920CA0002A8769 /* Protocol */ = {
			isa = PBXGroup;
			children = (
				0EB7C0F4289752C9000EFF71 /* ReusableProtocol.swift */,
				0E30A6A328920CE4002A8769 /* ViewPresentableProtocol.swift */,
			);
			path = Protocol;
			sourceTree = "<group>";
		};
		0E30A6AB28927900002A8769 /* Controllers */ = {
			isa = PBXGroup;
			children = (
				0E30A6682890DD84002A8769 /* ViewController.swift */,
				0E30A6A928923AA5002A8769 /* WebViewController.swift */,
				0E30A6A728923061002A8769 /* TranslateViewController.swift */,
				0E30A6A528922372002A8769 /* LottoViewController.swift */,
				0E30A6782890E1FC002A8769 /* SearchViewController.swift */,
				0E30A67A2890E4CF002A8769 /* ListTableViewCell.swift */,
				0E0E64E728935D4500773CD9 /* LocationViewController.swift */,
			);
			path = Controllers;
			sourceTree = "<group>";
		};
		0E30A6AC28927921002A8769 /* Models */ = {
			isa = PBXGroup;
			children = (
				0E30A67B2890E4CF002A8769 /* ListTableViewCell.xib */,
				0E30A66A2890DD84002A8769 /* Main.storyboard */,
				0E4A958E289A094B00FA3ACC /* ImageSearchViewController.swift */,
				0E30A66F2890DD86002A8769 /* LaunchScreen.storyboard */,
			);
			path = Models;
			sourceTree = "<group>";
		};
		0EB7C0F6289757A1000EFF71 /* Constant */ = {
			isa = PBXGroup;
			children = (
				0EB7C0F7289757B2000EFF71 /* Constant.swift */,
				0EB7C0F928975FC0000EFF71 /* UserDefaultsHelper.swift */,
			);
			path = Constant;
			sourceTree = "<group>";
		};
		0EB7C1012897AA42000EFF71 /* Data */ = {
			isa = PBXGroup;
			children = (
				0EB7C1022897AA62000EFF71 /* LottoResponse.swift */,
				0EB7C1392898BD45000EFF71 /* BoxOfficeModel.swift */,
			);
			path = Data;
			sourceTree = "<group>";
		};
/* End PBXGroup section */

/* Begin PBXNativeTarget section */
		0E30A6602890DD84002A8769 /* SeSAC2LectureNetworkBasic */ = {
			isa = PBXNativeTarget;
			buildConfigurationList = 0E30A6752890DD86002A8769 /* Build configuration list for PBXNativeTarget "SeSAC2LectureNetworkBasic" */;
			buildPhases = (
				0E30A65D2890DD84002A8769 /* Sources */,
				0E30A65E2890DD84002A8769 /* Frameworks */,
				0E30A65F2890DD84002A8769 /* Resources */,
			);
			buildRules = (
			);
			dependencies = (
			);
			name = SeSAC2LectureNetworkBasic;
			packageProductDependencies = (
				0EB7C0FC28977CE2000EFF71 /* Alamofire */,
				0EB7C0FF28977CFD000EFF71 /* SwiftyJSON */,
				0EB7C13C28990EA0000EFF71 /* Kingfisher */,
			);
			productName = SeSAC2LectureNetworkBasic;
			productReference = 0E30A6612890DD84002A8769 /* SeSAC2LectureNetworkBasic.app */;
			productType = "com.apple.product-type.application";
		};
/* End PBXNativeTarget section */

/* Begin PBXProject section */
		0E30A6592890DD84002A8769 /* Project object */ = {
			isa = PBXProject;
			attributes = {
				BuildIndependentTargetsInParallel = 1;
				LastSwiftUpdateCheck = 1340;
				LastUpgradeCheck = 1340;
				TargetAttributes = {
					0E30A6602890DD84002A8769 = {
						CreatedOnToolsVersion = 13.4.1;
					};
				};
			};
			buildConfigurationList = 0E30A65C2890DD84002A8769 /* Build configuration list for PBXProject "SeSAC2LectureNetworkBasic" */;
			compatibilityVersion = "Xcode 13.0";
			developmentRegion = en;
			hasScannedForEncodings = 0;
			knownRegions = (
				en,
				Base,
			);
			mainGroup = 0E30A6582890DD84002A8769;
			packageReferences = (
				0EB7C0FB28977CE2000EFF71 /* XCRemoteSwiftPackageReference "Alamofire" */,
				0EB7C0FE28977CFD000EFF71 /* XCRemoteSwiftPackageReference "SwiftyJSON" */,
				0EB7C13B28990EA0000EFF71 /* XCRemoteSwiftPackageReference "Kingfisher" */,
			);
			productRefGroup = 0E30A6622890DD84002A8769 /* Products */;
			projectDirPath = "";
			projectRoot = "";
			targets = (
				0E30A6602890DD84002A8769 /* SeSAC2LectureNetworkBasic */,
			);
		};
/* End PBXProject section */

/* Begin PBXResourcesBuildPhase section */
		0E30A65F2890DD84002A8769 /* Resources */ = {
			isa = PBXResourcesBuildPhase;
			buildActionMask = 2147483647;
			files = (
				0E30A6712890DD86002A8769 /* LaunchScreen.storyboard in Resources */,
				0E30A67D2890E4CF002A8769 /* ListTableViewCell.xib in Resources */,
				0E30A66E2890DD86002A8769 /* Assets.xcassets in Resources */,
				0E0E64EB2893854500773CD9 /* KyoboHandwriting2020pdy.otf in Resources */,
				0E30A66C2890DD84002A8769 /* Main.storyboard in Resources */,
			);
			runOnlyForDeploymentPostprocessing = 0;
		};
/* End PBXResourcesBuildPhase section */

/* Begin PBXSourcesBuildPhase section */
		0E30A65D2890DD84002A8769 /* Sources */ = {
			isa = PBXSourcesBuildPhase;
			buildActionMask = 2147483647;
			files = (
				0E30A6692890DD84002A8769 /* ViewController.swift in Sources */,
				0EB7C0FA28975FC0000EFF71 /* UserDefaultsHelper.swift in Sources */,
				0E4A958F289A094B00FA3ACC /* ImageSearchViewController.swift in Sources */,
				0E30A6AA28923AA5002A8769 /* WebViewController.swift in Sources */,
				0EB7C13A2898BD45000EFF71 /* BoxOfficeModel.swift in Sources */,
				0E30A6652890DD84002A8769 /* AppDelegate.swift in Sources */,
				0E30A6792890E1FC002A8769 /* SearchViewController.swift in Sources */,
				0EB7C1032897AA62000EFF71 /* LottoResponse.swift in Sources */,
				0E30A6A628922372002A8769 /* LottoViewController.swift in Sources */,
				0E0E64E828935D4500773CD9 /* LocationViewController.swift in Sources */,
				0EB7C0F5289752C9000EFF71 /* ReusableProtocol.swift in Sources */,
				0E30A6672890DD84002A8769 /* SceneDelegate.swift in Sources */,
				0E30A6A828923061002A8769 /* TranslateViewController.swift in Sources */,
				0E30A6A428920CE4002A8769 /* ViewPresentableProtocol.swift in Sources */,
				0E30A67C2890E4CF002A8769 /* ListTableViewCell.swift in Sources */,
				0EB7C0F8289757B2000EFF71 /* Constant.swift in Sources */,
			);
			runOnlyForDeploymentPostprocessing = 0;
		};
/* End PBXSourcesBuildPhase section */

/* Begin PBXVariantGroup section */
		0E30A66A2890DD84002A8769 /* Main.storyboard */ = {
			isa = PBXVariantGroup;
			children = (
				0E30A66B2890DD84002A8769 /* Base */,
			);
			name = Main.storyboard;
			sourceTree = "<group>";
		};
		0E30A66F2890DD86002A8769 /* LaunchScreen.storyboard */ = {
			isa = PBXVariantGroup;
			children = (
				0E30A6702890DD86002A8769 /* Base */,
			);
			name = LaunchScreen.storyboard;
			sourceTree = "<group>";
		};
/* End PBXVariantGroup section */

/* Begin XCBuildConfiguration section */
		0E30A6732890DD86002A8769 /* Debug */ = {
			isa = XCBuildConfiguration;
			buildSettings = {
				ALWAYS_SEARCH_USER_PATHS = NO;
				CLANG_ANALYZER_NONNULL = YES;
				CLANG_ANALYZER_NUMBER_OBJECT_CONVERSION = YES_AGGRESSIVE;
				CLANG_CXX_LANGUAGE_STANDARD = "gnu++17";
				CLANG_ENABLE_MODULES = YES;
				CLANG_ENABLE_OBJC_ARC = YES;
				CLANG_ENABLE_OBJC_WEAK = YES;
				CLANG_WARN_BLOCK_CAPTURE_AUTORELEASING = YES;
				CLANG_WARN_BOOL_CONVERSION = YES;
				CLANG_WARN_COMMA = YES;
				CLANG_WARN_CONSTANT_CONVERSION = YES;
				CLANG_WARN_DEPRECATED_OBJC_IMPLEMENTATIONS = YES;
				CLANG_WARN_DIRECT_OBJC_ISA_USAGE = YES_ERROR;
				CLANG_WARN_DOCUMENTATION_COMMENTS = YES;
				CLANG_WARN_EMPTY_BODY = YES;
				CLANG_WARN_ENUM_CONVERSION = YES;
				CLANG_WARN_INFINITE_RECURSION = YES;
				CLANG_WARN_INT_CONVERSION = YES;
				CLANG_WARN_NON_LITERAL_NULL_CONVERSION = YES;
				CLANG_WARN_OBJC_IMPLICIT_RETAIN_SELF = YES;
				CLANG_WARN_OBJC_LITERAL_CONVERSION = YES;
				CLANG_WARN_OBJC_ROOT_CLASS = YES_ERROR;
				CLANG_WARN_QUOTED_INCLUDE_IN_FRAMEWORK_HEADER = YES;
				CLANG_WARN_RANGE_LOOP_ANALYSIS = YES;
				CLANG_WARN_STRICT_PROTOTYPES = YES;
				CLANG_WARN_SUSPICIOUS_MOVE = YES;
				CLANG_WARN_UNGUARDED_AVAILABILITY = YES_AGGRESSIVE;
				CLANG_WARN_UNREACHABLE_CODE = YES;
				CLANG_WARN__DUPLICATE_METHOD_MATCH = YES;
				COPY_PHASE_STRIP = NO;
				DEBUG_INFORMATION_FORMAT = dwarf;
				ENABLE_STRICT_OBJC_MSGSEND = YES;
				ENABLE_TESTABILITY = YES;
				GCC_C_LANGUAGE_STANDARD = gnu11;
				GCC_DYNAMIC_NO_PIC = NO;
				GCC_NO_COMMON_BLOCKS = YES;
				GCC_OPTIMIZATION_LEVEL = 0;
				GCC_PREPROCESSOR_DEFINITIONS = (
					"DEBUG=1",
					"$(inherited)",
				);
				GCC_WARN_64_TO_32_BIT_CONVERSION = YES;
				GCC_WARN_ABOUT_RETURN_TYPE = YES_ERROR;
				GCC_WARN_UNDECLARED_SELECTOR = YES;
				GCC_WARN_UNINITIALIZED_AUTOS = YES_AGGRESSIVE;
				GCC_WARN_UNUSED_FUNCTION = YES;
				GCC_WARN_UNUSED_VARIABLE = YES;
				IPHONEOS_DEPLOYMENT_TARGET = 15.5;
				MTL_ENABLE_DEBUG_INFO = INCLUDE_SOURCE;
				MTL_FAST_MATH = YES;
				ONLY_ACTIVE_ARCH = YES;
				SDKROOT = iphoneos;
				SWIFT_ACTIVE_COMPILATION_CONDITIONS = DEBUG;
				SWIFT_OPTIMIZATION_LEVEL = "-Onone";
			};
			name = Debug;
		};
		0E30A6742890DD86002A8769 /* Release */ = {
			isa = XCBuildConfiguration;
			buildSettings = {
				ALWAYS_SEARCH_USER_PATHS = NO;
				CLANG_ANALYZER_NONNULL = YES;
				CLANG_ANALYZER_NUMBER_OBJECT_CONVERSION = YES_AGGRESSIVE;
				CLANG_CXX_LANGUAGE_STANDARD = "gnu++17";
				CLANG_ENABLE_MODULES = YES;
				CLANG_ENABLE_OBJC_ARC = YES;
				CLANG_ENABLE_OBJC_WEAK = YES;
				CLANG_WARN_BLOCK_CAPTURE_AUTORELEASING = YES;
				CLANG_WARN_BOOL_CONVERSION = YES;
				CLANG_WARN_COMMA = YES;
				CLANG_WARN_CONSTANT_CONVERSION = YES;
				CLANG_WARN_DEPRECATED_OBJC_IMPLEMENTATIONS = YES;
				CLANG_WARN_DIRECT_OBJC_ISA_USAGE = YES_ERROR;
				CLANG_WARN_DOCUMENTATION_COMMENTS = YES;
				CLANG_WARN_EMPTY_BODY = YES;
				CLANG_WARN_ENUM_CONVERSION = YES;
				CLANG_WARN_INFINITE_RECURSION = YES;
				CLANG_WARN_INT_CONVERSION = YES;
				CLANG_WARN_NON_LITERAL_NULL_CONVERSION = YES;
				CLANG_WARN_OBJC_IMPLICIT_RETAIN_SELF = YES;
				CLANG_WARN_OBJC_LITERAL_CONVERSION = YES;
				CLANG_WARN_OBJC_ROOT_CLASS = YES_ERROR;
				CLANG_WARN_QUOTED_INCLUDE_IN_FRAMEWORK_HEADER = YES;
				CLANG_WARN_RANGE_LOOP_ANALYSIS = YES;
				CLANG_WARN_STRICT_PROTOTYPES = YES;
				CLANG_WARN_SUSPICIOUS_MOVE = YES;
				CLANG_WARN_UNGUARDED_AVAILABILITY = YES_AGGRESSIVE;
				CLANG_WARN_UNREACHABLE_CODE = YES;
				CLANG_WARN__DUPLICATE_METHOD_MATCH = YES;
				COPY_PHASE_STRIP = NO;
				DEBUG_INFORMATION_FORMAT = "dwarf-with-dsym";
				ENABLE_NS_ASSERTIONS = NO;
				ENABLE_STRICT_OBJC_MSGSEND = YES;
				GCC_C_LANGUAGE_STANDARD = gnu11;
				GCC_NO_COMMON_BLOCKS = YES;
				GCC_WARN_64_TO_32_BIT_CONVERSION = YES;
				GCC_WARN_ABOUT_RETURN_TYPE = YES_ERROR;
				GCC_WARN_UNDECLARED_SELECTOR = YES;
				GCC_WARN_UNINITIALIZED_AUTOS = YES_AGGRESSIVE;
				GCC_WARN_UNUSED_FUNCTION = YES;
				GCC_WARN_UNUSED_VARIABLE = YES;
				IPHONEOS_DEPLOYMENT_TARGET = 15.5;
				MTL_ENABLE_DEBUG_INFO = NO;
				MTL_FAST_MATH = YES;
				SDKROOT = iphoneos;
				SWIFT_COMPILATION_MODE = wholemodule;
				SWIFT_OPTIMIZATION_LEVEL = "-O";
				VALIDATE_PRODUCT = YES;
			};
			name = Release;
		};
		0E30A6762890DD86002A8769 /* Debug */ = {
			isa = XCBuildConfiguration;
			buildSettings = {
				ASSETCATALOG_COMPILER_APPICON_NAME = AppIcon;
				ASSETCATALOG_COMPILER_GLOBAL_ACCENT_COLOR_NAME = AccentColor;
				CODE_SIGN_STYLE = Automatic;
				CURRENT_PROJECT_VERSION = 1;
				DEVELOPMENT_TEAM = U8U4L6FXAF;
				GENERATE_INFOPLIST_FILE = YES;
				INFOPLIST_FILE = SeSAC2LectureNetworkBasic/Info.plist;
				INFOPLIST_KEY_UIApplicationSupportsIndirectInputEvents = YES;
				INFOPLIST_KEY_UILaunchStoryboardName = LaunchScreen;
				INFOPLIST_KEY_UIMainStoryboardFile = Main;
				INFOPLIST_KEY_UISupportedInterfaceOrientations_iPad = "UIInterfaceOrientationPortrait UIInterfaceOrientationPortraitUpsideDown UIInterfaceOrientationLandscapeLeft UIInterfaceOrientationLandscapeRight";
				INFOPLIST_KEY_UISupportedInterfaceOrientations_iPhone = "UIInterfaceOrientationPortrait UIInterfaceOrientationLandscapeLeft UIInterfaceOrientationLandscapeRight";
				LD_RUNPATH_SEARCH_PATHS = (
					"$(inherited)",
					"@executable_path/Frameworks",
				);
				MARKETING_VERSION = 1.0;
				PRODUCT_BUNDLE_IDENTIFIER = net.monica.SeSAC2LectureNetworkBasic;
				PRODUCT_NAME = "$(TARGET_NAME)";
				SWIFT_EMIT_LOC_STRINGS = YES;
				SWIFT_VERSION = 5.0;
				TARGETED_DEVICE_FAMILY = 1;
			};
			name = Debug;
		};
		0E30A6772890DD86002A8769 /* Release */ = {
			isa = XCBuildConfiguration;
			buildSettings = {
				ASSETCATALOG_COMPILER_APPICON_NAME = AppIcon;
				ASSETCATALOG_COMPILER_GLOBAL_ACCENT_COLOR_NAME = AccentColor;
				CODE_SIGN_STYLE = Automatic;
				CURRENT_PROJECT_VERSION = 1;
				DEVELOPMENT_TEAM = U8U4L6FXAF;
				GENERATE_INFOPLIST_FILE = YES;
				INFOPLIST_FILE = SeSAC2LectureNetworkBasic/Info.plist;
				INFOPLIST_KEY_UIApplicationSupportsIndirectInputEvents = YES;
				INFOPLIST_KEY_UILaunchStoryboardName = LaunchScreen;
				INFOPLIST_KEY_UIMainStoryboardFile = Main;
				INFOPLIST_KEY_UISupportedInterfaceOrientations_iPad = "UIInterfaceOrientationPortrait UIInterfaceOrientationPortraitUpsideDown UIInterfaceOrientationLandscapeLeft UIInterfaceOrientationLandscapeRight";
				INFOPLIST_KEY_UISupportedInterfaceOrientations_iPhone = "UIInterfaceOrientationPortrait UIInterfaceOrientationLandscapeLeft UIInterfaceOrientationLandscapeRight";
				LD_RUNPATH_SEARCH_PATHS = (
					"$(inherited)",
					"@executable_path/Frameworks",
				);
				MARKETING_VERSION = 1.0;
				PRODUCT_BUNDLE_IDENTIFIER = net.monica.SeSAC2LectureNetworkBasic;
				PRODUCT_NAME = "$(TARGET_NAME)";
				SWIFT_EMIT_LOC_STRINGS = YES;
				SWIFT_VERSION = 5.0;
				TARGETED_DEVICE_FAMILY = 1;
			};
			name = Release;
		};
/* End XCBuildConfiguration section */

/* Begin XCConfigurationList section */
		0E30A65C2890DD84002A8769 /* Build configuration list for PBXProject "SeSAC2LectureNetworkBasic" */ = {
			isa = XCConfigurationList;
			buildConfigurations = (
				0E30A6732890DD86002A8769 /* Debug */,
				0E30A6742890DD86002A8769 /* Release */,
			);
			defaultConfigurationIsVisible = 0;
			defaultConfigurationName = Release;
		};
		0E30A6752890DD86002A8769 /* Build configuration list for PBXNativeTarget "SeSAC2LectureNetworkBasic" */ = {
			isa = XCConfigurationList;
			buildConfigurations = (
				0E30A6762890DD86002A8769 /* Debug */,
				0E30A6772890DD86002A8769 /* Release */,
			);
			defaultConfigurationIsVisible = 0;
			defaultConfigurationName = Release;
		};
/* End XCConfigurationList section */

/* Begin XCRemoteSwiftPackageReference section */
		0EB7C0FB28977CE2000EFF71 /* XCRemoteSwiftPackageReference "Alamofire" */ = {
			isa = XCRemoteSwiftPackageReference;
			repositoryURL = "https://github.com/Alamofire/Alamofire.git";
			requirement = {
				kind = upToNextMajorVersion;
				minimumVersion = 5.0.0;
			};
		};
		0EB7C0FE28977CFD000EFF71 /* XCRemoteSwiftPackageReference "SwiftyJSON" */ = {
			isa = XCRemoteSwiftPackageReference;
			repositoryURL = "https://github.com/SwiftyJSON/SwiftyJSON.git";
			requirement = {
				kind = upToNextMajorVersion;
				minimumVersion = 5.0.0;
			};
		};
		0EB7C13B28990EA0000EFF71 /* XCRemoteSwiftPackageReference "Kingfisher" */ = {
			isa = XCRemoteSwiftPackageReference;
			repositoryURL = "https://github.com/onevcat/Kingfisher.git";
			requirement = {
				kind = upToNextMajorVersion;
				minimumVersion = 7.0.0;
			};
		};
/* End XCRemoteSwiftPackageReference section */

/* Begin XCSwiftPackageProductDependency section */
		0EB7C0FC28977CE2000EFF71 /* Alamofire */ = {
			isa = XCSwiftPackageProductDependency;
			package = 0EB7C0FB28977CE2000EFF71 /* XCRemoteSwiftPackageReference "Alamofire" */;
			productName = Alamofire;
		};
		0EB7C0FF28977CFD000EFF71 /* SwiftyJSON */ = {
			isa = XCSwiftPackageProductDependency;
			package = 0EB7C0FE28977CFD000EFF71 /* XCRemoteSwiftPackageReference "SwiftyJSON" */;
			productName = SwiftyJSON;
		};
		0EB7C13C28990EA0000EFF71 /* Kingfisher */ = {
			isa = XCSwiftPackageProductDependency;
			package = 0EB7C13B28990EA0000EFF71 /* XCRemoteSwiftPackageReference "Kingfisher" */;
			productName = Kingfisher;
		};
/* End XCSwiftPackageProductDependency section */
	};
	rootObject = 0E30A6592890DD84002A8769 /* Project object */;
}
